
Microsoft Visual Studio Solution File, Format Version 12.00
# Visual Studio Version 16
VisualStudioVersion = 16.0.30330.147
MinimumVisualStudioVersion = 10.0.40219.1
Project("{FAE04EC0-301F-11D3-BF4B-00C04F79EFBC}") = "VoicePicking.Android", "VoicePicking\VoicePicking.Android\VoicePicking.Android.csproj", "{19748723-B445-472D-8083-7EDC1E6F4B70}"
EndProject
Project("{FAE04EC0-301F-11D3-BF4B-00C04F79EFBC}") = "VoicePicking.iOS", "VoicePicking\VoicePicking.iOS\VoicePicking.iOS.csproj", "{3A6429FB-28F0-42E9-A064-9DA1F858D31C}"
EndProject
Project("{FAE04EC0-301F-11D3-BF4B-00C04F79EFBC}") = "VoicePicking", "VoicePicking\VoicePicking\VoicePicking.csproj", "{48FC3E47-CAA2-489A-9587-971A10F9BCA2}"
EndProject
Global
	GlobalSection(SolutionConfigurationPlatforms) = preSolution
		Debug|Any CPU = Debug|Any CPU
		Debug|iPhone = Debug|iPhone
		Debug|iPhoneSimulator = Debug|iPhoneSimulator
		Release|Any CPU = Release|Any CPU
		Release|iPhone = Release|iPhone
		Release|iPhoneSimulator = Release|iPhoneSimulator
	EndGlobalSection
	GlobalSection(ProjectConfigurationPlatforms) = postSolution
		{19748723-B445-472D-8083-7EDC1E6F4B70}.Debug|Any CPU.ActiveCfg = Debug|Any CPU
		{19748723-B445-472D-8083-7EDC1E6F4B70}.Debug|Any CPU.Build.0 = Debug|Any CPU
		{19748723-B445-472D-8083-7EDC1E6F4B70}.Debug|Any CPU.Deploy.0 = Debug|Any CPU
		{19748723-B445-472D-8083-7EDC1E6F4B70}.Debug|iPhone.ActiveCfg = Debug|Any CPU
		{19748723-B445-472D-8083-7EDC1E6F4B70}.Debug|iPhone.Build.0 = Debug|Any CPU
		{19748723-B445-472D-8083-7EDC1E6F4B70}.Debug|iPhone.Deploy.0 = Debug|Any CPU
		{19748723-B445-472D-8083-7EDC1E6F4B70}.Debug|iPhoneSimulator.ActiveCfg = Debug|Any CPU
		{19748723-B445-472D-8083-7EDC1E6F4B70}.Debug|iPhoneSimulator.Build.0 = Debug|Any CPU
		{19748723-B445-472D-8083-7EDC1E6F4B70}.Debug|iPhoneSimulator.Deploy.0 = Debug|Any CPU
		{19748723-B445-472D-8083-7EDC1E6F4B70}.Release|Any CPU.ActiveCfg = Release|Any CPU
		{19748723-B445-472D-8083-7EDC1E6F4B70}.Release|Any CPU.Build.0 = Release|Any CPU
		{19748723-B445-472D-8083-7EDC1E6F4B70}.Release|Any CPU.Deploy.0 = Release|Any CPU
		{19748723-B445-472D-8083-7EDC1E6F4B70}.Release|iPhone.ActiveCfg = Release|Any CPU
		{19748723-B445-472D-8083-7EDC1E6F4B70}.Release|iPhone.Build.0 = Release|Any CPU
		{19748723-B445-472D-8083-7EDC1E6F4B70}.Release|iPhone.Deploy.0 = Release|Any CPU
		{19748723-B445-472D-8083-7EDC1E6F4B70}.Release|iPhoneSimulator.ActiveCfg = Release|Any CPU
		{19748723-B445-472D-8083-7EDC1E6F4B70}.Release|iPhoneSimulator.Build.0 = Release|Any CPU
		{19748723-B445-472D-8083-7EDC1E6F4B70}.Release|iPhoneSimulator.Deploy.0 = Release|Any CPU
		{3A6429FB-28F0-42E9-A064-9DA1F858D31C}.Debug|Any CPU.ActiveCfg = Debug|iPhone
		{3A6429FB-28F0-42E9-A064-9DA1F858D31C}.Debug|Any CPU.Build.0 = Debug|iPhone
		{3A6429FB-28F0-42E9-A064-9DA1F858D31C}.Debug|Any CPU.Deploy.0 = Debug|iPhone
		{3A6429FB-28F0-42E9-A064-9DA1F858D31C}.Debug|iPhone.ActiveCfg = Debug|iPhone
		{3A6429FB-28F0-42E9-A064-9DA1F858D31C}.Debug|iPhone.Build.0 = Debug|iPhone
		{3A6429FB-28F0-42E9-A064-9DA1F858D31C}.Debug|iPhone.Deploy.0 = Debug|iPhone
		{3A6429FB-28F0-42E9-A064-9DA1F858D31C}.Debug|iPhoneSimulator.ActiveCfg = Debug|iPhoneSimulator
		{3A6429FB-28F0-42E9-A064-9DA1F858D31C}.Debug|iPhoneSimulator.Build.0 = Debug|iPhoneSimulator
		{3A6429FB-28F0-42E9-A064-9DA1F858D31C}.Debug|iPhoneSimulator.Deploy.0 = Debug|iPhoneSimulator
		{3A6429FB-28F0-42E9-A064-9DA1F858D31C}.Release|Any CPU.ActiveCfg = Release|iPhone
		{3A6429FB-28F0-42E9-A064-9DA1F858D31C}.Release|Any CPU.Build.0 = Release|iPhone
		{3A6429FB-28F0-42E9-A064-9DA1F858D31C}.Release|Any CPU.Deploy.0 = Release|iPhone
		{3A6429FB-28F0-42E9-A064-9DA1F858D31C}.Release|iPhone.ActiveCfg = Release|iPhone
		{3A6429FB-28F0-42E9-A064-9DA1F858D31C}.Release|iPhone.Build.0 = Release|iPhone
		{3A6429FB-28F0-42E9-A064-9DA1F858D31C}.Release|iPhone.Deploy.0 = Release|iPhone
		{3A6429FB-28F0-42E9-A064-9DA1F858D31C}.Release|iPhoneSimulator.ActiveCfg = Release|iPhoneSimulator
		{3A6429FB-28F0-42E9-A064-9DA1F858D31C}.Release|iPhoneSimulator.Build.0 = Release|iPhoneSimulator
		{3A6429FB-28F0-42E9-A064-9DA1F858D31C}.Release|iPhoneSimulator.Deploy.0 = Release|iPhoneSimulator
		{48FC3E47-CAA2-489A-9587-971A10F9BCA2}.Debug|Any CPU.ActiveCfg = Debug|Any CPU
		{48FC3E47-CAA2-489A-9587-971A10F9BCA2}.Debug|Any CPU.Build.0 = Debug|Any CPU
		{48FC3E47-CAA2-489A-9587-971A10F9BCA2}.Debug|Any CPU.Deploy.0 = Debug|Any CPU
		{48FC3E47-CAA2-489A-9587-971A10F9BCA2}.Debug|iPhone.ActiveCfg = Debug|Any CPU
		{48FC3E47-CAA2-489A-9587-971A10F9BCA2}.Debug|iPhone.Build.0 = Debug|Any CPU
		{48FC3E47-CAA2-489A-9587-971A10F9BCA2}.Debug|iPhone.Deploy.0 = Debug|Any CPU
		{48FC3E47-CAA2-489A-9587-971A10F9BCA2}.Debug|iPhoneSimulator.ActiveCfg = Debug|Any CPU
		{48FC3E47-CAA2-489A-9587-971A10F9BCA2}.Debug|iPhoneSimulator.Build.0 = Debug|Any CPU
		{48FC3E47-CAA2-489A-9587-971A10F9BCA2}.Debug|iPhoneSimulator.Deploy.0 = Debug|Any CPU
		{48FC3E47-CAA2-489A-9587-971A10F9BCA2}.Release|Any CPU.ActiveCfg = Release|Any CPU
		{48FC3E47-CAA2-489A-9587-971A10F9BCA2}.Release|Any CPU.Build.0 = Release|Any CPU
		{48FC3E47-CAA2-489A-9587-971A10F9BCA2}.Release|Any CPU.Deploy.0 = Release|Any CPU
		{48FC3E47-CAA2-489A-9587-971A10F9BCA2}.Release|iPhone.ActiveCfg = Release|Any CPU
		{48FC3E47-CAA2-489A-9587-971A10F9BCA2}.Release|iPhone.Build.0 = Release|Any CPU
		{48FC3E47-CAA2-489A-9587-971A10F9BCA2}.Release|iPhone.Deploy.0 = Release|Any CPU
		{48FC3E47-CAA2-489A-9587-971A10F9BCA2}.Release|iPhoneSimulator.ActiveCfg = Release|Any CPU
		{48FC3E47-CAA2-489A-9587-971A10F9BCA2}.Release|iPhoneSimulator.Build.0 = Release|Any CPU
		{48FC3E47-CAA2-489A-9587-971A10F9BCA2}.Release|iPhoneSimulator.Deploy.0 = Release|Any CPU
	EndGlobalSection
	GlobalSection(SolutionProperties) = preSolution
		HideSolutionNode = FALSE
	EndGlobalSection
	GlobalSection(ExtensibilityGlobals) = postSolution
		SolutionGuid = {1E053357-EA3C-4E6D-9206-20EF7886FD47}
	EndGlobalSection
EndGlobal
